// !$*UTF8*$!
{
	archiveVersion = 1;
	classes = {
	};
	objectVersion = 51;
	objects = {

/* Begin PBXBuildFile section */
		1B14F1A31705743CEB43F983 /* libPods-ComeAquiOS.a in Frameworks */ = {isa = PBXBuildFile; fileRef = 768E53CF6B78A130CD0485CE /* libPods-ComeAquiOS.a */; };
		8712315F24525370004C0049 /* Server.swift in Sources */ = {isa = PBXBuildFile; fileRef = 8712315E24525370004C0049 /* Server.swift */; };
		873B7E4C24590EA300F5FF7E /* AttendPopUpViewController.swift in Sources */ = {isa = PBXBuildFile; fileRef = 873B7E4B24590EA300F5FF7E /* AttendPopUpViewController.swift */; };
		873B7E4F24590ECA00F5FF7E /* AttendPopUpStoryboard.storyboard in Resources */ = {isa = PBXBuildFile; fileRef = 873B7E4E24590ECA00F5FF7E /* AttendPopUpStoryboard.storyboard */; };
		8776FF0D24538220005A4D4C /* TextsClasses.swift in Sources */ = {isa = PBXBuildFile; fileRef = 8776FF0C24538220005A4D4C /* TextsClasses.swift */; };
		879CBFF42458DBCC00383F68 /* OptionsPopUpViewController.swift in Sources */ = {isa = PBXBuildFile; fileRef = 879CBFF32458DBCC00383F68 /* OptionsPopUpViewController.swift */; };
		879CBFF62458DBD900383F68 /* OptionsPopUpStoryboard.storyboard in Resources */ = {isa = PBXBuildFile; fileRef = 879CBFF52458DBD900383F68 /* OptionsPopUpStoryboard.storyboard */; };
		879CBFFA2458EFB800383F68 /* DinnersStoryboard.storyboard in Resources */ = {isa = PBXBuildFile; fileRef = 879CBFF92458EFB800383F68 /* DinnersStoryboard.storyboard */; };
		879CBFFC2458F04D00383F68 /* EditPostViewController.swift in Sources */ = {isa = PBXBuildFile; fileRef = 879CBFFB2458F04D00383F68 /* EditPostViewController.swift */; };
		879CBFFE2458F05500383F68 /* EditPostStoryboard.storyboard in Resources */ = {isa = PBXBuildFile; fileRef = 879CBFFD2458F05500383F68 /* EditPostStoryboard.storyboard */; };
		879CC0002458F2B900383F68 /* TypesStoryboard.storyboard in Resources */ = {isa = PBXBuildFile; fileRef = 879CBFFF2458F2B900383F68 /* TypesStoryboard.storyboard */; };
		879CC0042458F3D100383F68 /* DateTimeStoryboard.storyboard in Resources */ = {isa = PBXBuildFile; fileRef = 879CC0032458F3D100383F68 /* DateTimeStoryboard.storyboard */; };
		87AAF8A82466291E000CDC1D /* Tab1ViewController.swift in Sources */ = {isa = PBXBuildFile; fileRef = 87AAF8A72466291E000CDC1D /* Tab1ViewController.swift */; };
		87AAF8AA24662939000CDC1D /* Tab2ViewController.swift in Sources */ = {isa = PBXBuildFile; fileRef = 87AAF8A924662939000CDC1D /* Tab2ViewController.swift */; };
		87AAF8AC24662944000CDC1D /* Tab3ViewController.swift in Sources */ = {isa = PBXBuildFile; fileRef = 87AAF8AB24662944000CDC1D /* Tab3ViewController.swift */; };
		87AAF8AE24662960000CDC1D /* Tab1TableViewCell.swift in Sources */ = {isa = PBXBuildFile; fileRef = 87AAF8AD24662960000CDC1D /* Tab1TableViewCell.swift */; };
		87AAF8B024662968000CDC1D /* Tab2TableViewCell.swift in Sources */ = {isa = PBXBuildFile; fileRef = 87AAF8AF24662968000CDC1D /* Tab2TableViewCell.swift */; };
		87AAF8B42466298B000CDC1D /* Tab1Storyboard.storyboard in Resources */ = {isa = PBXBuildFile; fileRef = 87AAF8B32466298B000CDC1D /* Tab1Storyboard.storyboard */; };
		87AAF8B624662996000CDC1D /* Tab2Storyboard.storyboard in Resources */ = {isa = PBXBuildFile; fileRef = 87AAF8B524662996000CDC1D /* Tab2Storyboard.storyboard */; };
		87AAF8B8246629A9000CDC1D /* Tab3Storyboard.storyboard in Resources */ = {isa = PBXBuildFile; fileRef = 87AAF8B7246629A9000CDC1D /* Tab3Storyboard.storyboard */; };
		87AAF8BD2468EDCD000CDC1D /* EditProfileStoryboard.storyboard in Resources */ = {isa = PBXBuildFile; fileRef = 87AAF8BC2468EDCD000CDC1D /* EditProfileStoryboard.storyboard */; };
		87AAF8BF2468EE2C000CDC1D /* EditProfileViewController.swift in Sources */ = {isa = PBXBuildFile; fileRef = 87AAF8BE2468EE2C000CDC1D /* EditProfileViewController.swift */; };
		87AAF8C22468F90E000CDC1D /* AddBioViewController.swift in Sources */ = {isa = PBXBuildFile; fileRef = 87AAF8C12468F90E000CDC1D /* AddBioViewController.swift */; };
		87AAF8C42468F918000CDC1D /* AddBioStoryboard.storyboard in Resources */ = {isa = PBXBuildFile; fileRef = 87AAF8C32468F918000CDC1D /* AddBioStoryboard.storyboard */; };
		87AAF8C72468FF21000CDC1D /* EditAccountDetailsViewController.swift in Sources */ = {isa = PBXBuildFile; fileRef = 87AAF8C62468FF21000CDC1D /* EditAccountDetailsViewController.swift */; };
		87AAF8C92468FF2F000CDC1D /* EditAccountDetailsStoryboard.storyboard in Resources */ = {isa = PBXBuildFile; fileRef = 87AAF8C82468FF2F000CDC1D /* EditAccountDetailsStoryboard.storyboard */; };
		87AAF8CC24693BB6000CDC1D /* EditEmailAddressViewController.swift in Sources */ = {isa = PBXBuildFile; fileRef = 87AAF8CB24693BB6000CDC1D /* EditEmailAddressViewController.swift */; };
		87AAF8CE24693BC7000CDC1D /* EditEmailAddressStoryboard.storyboard in Resources */ = {isa = PBXBuildFile; fileRef = 87AAF8CD24693BC7000CDC1D /* EditEmailAddressStoryboard.storyboard */; };
		87AAF8D124694548000CDC1D /* ChangePasswordViewController.swift in Sources */ = {isa = PBXBuildFile; fileRef = 87AAF8D024694548000CDC1D /* ChangePasswordViewController.swift */; };
		87AAF8D324694556000CDC1D /* ChangePasswordStoryboard.storyboard in Resources */ = {isa = PBXBuildFile; fileRef = 87AAF8D224694556000CDC1D /* ChangePasswordStoryboard.storyboard */; };
		87AAF8D724694B3A000CDC1D /* ForgotPasswordViewController.swift in Sources */ = {isa = PBXBuildFile; fileRef = 87AAF8D624694B3A000CDC1D /* ForgotPasswordViewController.swift */; };
		87AAF8DB24694B65000CDC1D /* ForgotPasswordStoryboard.storyboard in Resources */ = {isa = PBXBuildFile; fileRef = 87AAF8DA24694B65000CDC1D /* ForgotPasswordStoryboard.storyboard */; };
		87AAF8DE2469D19B000CDC1D /* AddPaymentMethodStoryboard.storyboard in Resources */ = {isa = PBXBuildFile; fileRef = 87AAF8DD2469D19B000CDC1D /* AddPaymentMethodStoryboard.storyboard */; };
		87AAF8E02469D1AB000CDC1D /* AddPaymentMethodViewController.swift in Sources */ = {isa = PBXBuildFile; fileRef = 87AAF8DF2469D1AB000CDC1D /* AddPaymentMethodViewController.swift */; };
		87AAF8E22469D39B000CDC1D /* PaymentMethodTableViewCell.swift in Sources */ = {isa = PBXBuildFile; fileRef = 87AAF8E12469D39B000CDC1D /* PaymentMethodTableViewCell.swift */; };
		87AAF8E62469D76A000CDC1D /* CardLookViewController.swift in Sources */ = {isa = PBXBuildFile; fileRef = 87AAF8E52469D76A000CDC1D /* CardLookViewController.swift */; };
		87AAF8EA2469DDD5000CDC1D /* AddCreditCardViewController.swift in Sources */ = {isa = PBXBuildFile; fileRef = 87AAF8E92469DDD5000CDC1D /* AddCreditCardViewController.swift */; };
		87AAF8ED2469F307000CDC1D /* BankAccountDetailsViewController.swift in Sources */ = {isa = PBXBuildFile; fileRef = 87AAF8EC2469F307000CDC1D /* BankAccountDetailsViewController.swift */; };
		87AAF8EF2469F31B000CDC1D /* BankAccountDetailsStoryboard.storyboard in Resources */ = {isa = PBXBuildFile; fileRef = 87AAF8EE2469F31B000CDC1D /* BankAccountDetailsStoryboard.storyboard */; };
		87AAF8F1246A4024000CDC1D /* Tab3CollectionViewCell.swift in Sources */ = {isa = PBXBuildFile; fileRef = 87AAF8F0246A4024000CDC1D /* Tab3CollectionViewCell.swift */; };
		87D8A533245920D00056AC9B /* OrderLookViewController.swift in Sources */ = {isa = PBXBuildFile; fileRef = 87D8A532245920D00056AC9B /* OrderLookViewController.swift */; };
		87D8A536245920E20056AC9B /* OrderLookStoryboard.storyboard in Resources */ = {isa = PBXBuildFile; fileRef = 87D8A535245920E20056AC9B /* OrderLookStoryboard.storyboard */; };
		87D8A539245A06EF0056AC9B /* OrdersTabViewController.swift in Sources */ = {isa = PBXBuildFile; fileRef = 87D8A538245A06EF0056AC9B /* OrdersTabViewController.swift */; };
		87D8A53B245A06FF0056AC9B /* OrdersTabStoryboard.storyboard in Resources */ = {isa = PBXBuildFile; fileRef = 87D8A53A245A06FF0056AC9B /* OrdersTabStoryboard.storyboard */; };
		87D8A58B245A269F0056AC9B /* HostingTableViewCell.swift in Sources */ = {isa = PBXBuildFile; fileRef = 87D8A58A245A269F0056AC9B /* HostingTableViewCell.swift */; };
		87D8A58D245A26AA0056AC9B /* HostingStoryboard.storyboard in Resources */ = {isa = PBXBuildFile; fileRef = 87D8A58C245A26AA0056AC9B /* HostingStoryboard.storyboard */; };
		87D8A58F245A26BA0056AC9B /* GuestingTableViewCell.swift in Sources */ = {isa = PBXBuildFile; fileRef = 87D8A58E245A26BA0056AC9B /* GuestingTableViewCell.swift */; };
		87D8A591245A26C70056AC9B /* GuestingStoryboard.storyboard in Resources */ = {isa = PBXBuildFile; fileRef = 87D8A590245A26C70056AC9B /* GuestingStoryboard.storyboard */; };
		87D8A593245A275B0056AC9B /* GuestingViewController.swift in Sources */ = {isa = PBXBuildFile; fileRef = 87D8A592245A275B0056AC9B /* GuestingViewController.swift */; };
		87D8A595245A27690056AC9B /* HostingViewController.swift in Sources */ = {isa = PBXBuildFile; fileRef = 87D8A594245A27690056AC9B /* HostingViewController.swift */; };
		87D8A597245A9F430056AC9B /* NotificationTableViewCell.swift in Sources */ = {isa = PBXBuildFile; fileRef = 87D8A596245A9F430056AC9B /* NotificationTableViewCell.swift */; };
		87D8A59A245AB2CE0056AC9B /* NotificationViewController.swift in Sources */ = {isa = PBXBuildFile; fileRef = 87D8A599245AB2CE0056AC9B /* NotificationViewController.swift */; };
		87D8A59C245AB2DC0056AC9B /* NotificationLookStoryboard.storyboard in Resources */ = {isa = PBXBuildFile; fileRef = 87D8A59B245AB2DC0056AC9B /* NotificationLookStoryboard.storyboard */; };
		87D8A5A0245AB3EA0056AC9B /* FoodReviewLookViewController.swift in Sources */ = {isa = PBXBuildFile; fileRef = 87D8A59F245AB3EA0056AC9B /* FoodReviewLookViewController.swift */; };
		87D8A5A2245AB40C0056AC9B /* ReviewLookStoryboard.storyboard in Resources */ = {isa = PBXBuildFile; fileRef = 87D8A5A1245AB40C0056AC9B /* ReviewLookStoryboard.storyboard */; };
		87D8A5A4245ABEE20056AC9B /* ReviewTableViewCell.swift in Sources */ = {isa = PBXBuildFile; fileRef = 87D8A5A3245ABEE20056AC9B /* ReviewTableViewCell.swift */; };
		87D8A5A8245B80510056AC9B /* WriteReplyTableViewCell.swift in Sources */ = {isa = PBXBuildFile; fileRef = 87D8A5A7245B80510056AC9B /* WriteReplyTableViewCell.swift */; };
		87D8A5AA245B805F0056AC9B /* WriteReplyStoryboard.storyboard in Resources */ = {isa = PBXBuildFile; fileRef = 87D8A5A9245B805F0056AC9B /* WriteReplyStoryboard.storyboard */; };
		87D8A5AF245CA61F0056AC9B /* ImageScrollStoryboard.storyboard in Resources */ = {isa = PBXBuildFile; fileRef = 87D8A5AE245CA61F0056AC9B /* ImageScrollStoryboard.storyboard */; };
		87D8A5B1245CA6A90056AC9B /* ImageScrollViewController.swift in Sources */ = {isa = PBXBuildFile; fileRef = 87D8A5B0245CA6A90056AC9B /* ImageScrollViewController.swift */; };
		87E02C8924513864005C272A /* ImageLookerViewController.swift in Sources */ = {isa = PBXBuildFile; fileRef = 87E02C8824513864005C272A /* ImageLookerViewController.swift */; };
		87E02C8B24513880005C272A /* ImageLookerStoryboard.storyboard in Resources */ = {isa = PBXBuildFile; fileRef = 87E02C8A24513880005C272A /* ImageLookerStoryboard.storyboard */; };
		87FC9E7A2447FF6200810ECF /* AppDelegate.swift in Sources */ = {isa = PBXBuildFile; fileRef = 87FC9E792447FF6200810ECF /* AppDelegate.swift */; };
		87FC9E7C2447FF6200810ECF /* SceneDelegate.swift in Sources */ = {isa = PBXBuildFile; fileRef = 87FC9E7B2447FF6200810ECF /* SceneDelegate.swift */; };
		87FC9E7E2447FF6200810ECF /* ViewController.swift in Sources */ = {isa = PBXBuildFile; fileRef = 87FC9E7D2447FF6200810ECF /* ViewController.swift */; };
		87FC9E812447FF6200810ECF /* Main.storyboard in Resources */ = {isa = PBXBuildFile; fileRef = 87FC9E7F2447FF6200810ECF /* Main.storyboard */; };
		87FC9E832447FF6300810ECF /* Assets.xcassets in Resources */ = {isa = PBXBuildFile; fileRef = 87FC9E822447FF6300810ECF /* Assets.xcassets */; };
		87FC9E862447FF6300810ECF /* LaunchScreen.storyboard in Resources */ = {isa = PBXBuildFile; fileRef = 87FC9E842447FF6300810ECF /* LaunchScreen.storyboard */; };
		87FC9E99244800FE00810ECF /* LoginOrRegisterViewController.swift in Sources */ = {isa = PBXBuildFile; fileRef = 87FC9E98244800FE00810ECF /* LoginOrRegisterViewController.swift */; };
		87FC9E9B2448011900810ECF /* LoginViewController.swift in Sources */ = {isa = PBXBuildFile; fileRef = 87FC9E9A2448011900810ECF /* LoginViewController.swift */; };
		87FC9E9D2448012800810ECF /* RegisterViewController.swift in Sources */ = {isa = PBXBuildFile; fileRef = 87FC9E9C2448012800810ECF /* RegisterViewController.swift */; };
		87FC9E9F2448014500810ECF /* LoginOrRegisterStoryboard.storyboard in Resources */ = {isa = PBXBuildFile; fileRef = 87FC9E9E2448014500810ECF /* LoginOrRegisterStoryboard.storyboard */; };
		87FC9EA3244801A100810ECF /* ProfileViewController.swift in Sources */ = {isa = PBXBuildFile; fileRef = 87FC9EA2244801A100810ECF /* ProfileViewController.swift */; };
		87FC9EA5244801AE00810ECF /* ProfileStoryboard.storyboard in Resources */ = {isa = PBXBuildFile; fileRef = 87FC9EA4244801AE00810ECF /* ProfileStoryboard.storyboard */; };
		87FC9EA7244801FD00810ECF /* NotificationsViewController.swift in Sources */ = {isa = PBXBuildFile; fileRef = 87FC9EA6244801FD00810ECF /* NotificationsViewController.swift */; };
		87FC9EA92448020D00810ECF /* NotificationsStoryboard.storyboard in Resources */ = {isa = PBXBuildFile; fileRef = 87FC9EA82448020D00810ECF /* NotificationsStoryboard.storyboard */; };
		87FC9EAB2448026800810ECF /* TableViewCell.swift in Sources */ = {isa = PBXBuildFile; fileRef = 87FC9EAA2448026800810ECF /* TableViewCell.swift */; };
		87FC9EAD2448028500810ECF /* OrdersViewController.swift in Sources */ = {isa = PBXBuildFile; fileRef = 87FC9EAC2448028500810ECF /* OrdersViewController.swift */; };
		87FC9EAF2448029200810ECF /* OrdersStoryboard.storyboard in Resources */ = {isa = PBXBuildFile; fileRef = 87FC9EAE2448029200810ECF /* OrdersStoryboard.storyboard */; };
		87FC9EB42448030E00810ECF /* LoadingCell.swift in Sources */ = {isa = PBXBuildFile; fileRef = 87FC9EB22448030E00810ECF /* LoadingCell.swift */; };
		87FC9EB52448030E00810ECF /* LoadingCell.xib in Resources */ = {isa = PBXBuildFile; fileRef = 87FC9EB32448030E00810ECF /* LoadingCell.xib */; };
		87FC9EB72448033C00810ECF /* MapViewController.swift in Sources */ = {isa = PBXBuildFile; fileRef = 87FC9EB62448033C00810ECF /* MapViewController.swift */; };
		87FC9EB92448034B00810ECF /* MapStoryboard.storyboard in Resources */ = {isa = PBXBuildFile; fileRef = 87FC9EB82448034B00810ECF /* MapStoryboard.storyboard */; };
		87FC9EBB2448038900810ECF /* TypesViewController.swift in Sources */ = {isa = PBXBuildFile; fileRef = 87FC9EBA2448038900810ECF /* TypesViewController.swift */; };
		87FC9EBD2448039B00810ECF /* RateStarViewController.swift in Sources */ = {isa = PBXBuildFile; fileRef = 87FC9EBC2448039B00810ECF /* RateStarViewController.swift */; };
		87FC9EC0244804A100810ECF /* FoodLookViewController.swift in Sources */ = {isa = PBXBuildFile; fileRef = 87FC9EBF244804A100810ECF /* FoodLookViewController.swift */; };
		87FC9EC2244804C300810ECF /* FoodLookStoryboard.storyboard in Resources */ = {isa = PBXBuildFile; fileRef = 87FC9EC1244804C300810ECF /* FoodLookStoryboard.storyboard */; };
		87FC9EC4244804DD00810ECF /* Strings.swift in Sources */ = {isa = PBXBuildFile; fileRef = 87FC9EC3244804DD00810ECF /* Strings.swift */; };
		87FC9EC6244804F500810ECF /* Extensions.swift in Sources */ = {isa = PBXBuildFile; fileRef = 87FC9EC5244804F500810ECF /* Extensions.swift */; };
		87FC9EC8244804FF00810ECF /* Objects.swift in Sources */ = {isa = PBXBuildFile; fileRef = 87FC9EC7244804FF00810ECF /* Objects.swift */; };
		87FC9ECA2448050A00810ECF /* Classes.swift in Sources */ = {isa = PBXBuildFile; fileRef = 87FC9EC92448050A00810ECF /* Classes.swift */; };
		87FC9ECC2448051900810ECF /* DateFormatting.swift in Sources */ = {isa = PBXBuildFile; fileRef = 87FC9ECB2448051900810ECF /* DateFormatting.swift */; };
		87FC9ECE2448055D00810ECF /* CommentsViewController.swift in Sources */ = {isa = PBXBuildFile; fileRef = 87FC9ECD2448055D00810ECF /* CommentsViewController.swift */; };
		87FC9ED3244805AC00810ECF /* CommentsTableViewCell.swift in Sources */ = {isa = PBXBuildFile; fileRef = 87FC9ED1244805AC00810ECF /* CommentsTableViewCell.swift */; };
		87FC9ED4244805AC00810ECF /* CommentsTableViewCell.xib in Resources */ = {isa = PBXBuildFile; fileRef = 87FC9ED2244805AC00810ECF /* CommentsTableViewCell.xib */; };
		87FC9ED6244805D200810ECF /* CommentsStoryboard.storyboard in Resources */ = {isa = PBXBuildFile; fileRef = 87FC9ED5244805D200810ECF /* CommentsStoryboard.storyboard */; };
		87FC9ED9244805FE00810ECF /* WriteCommentViewController.swift in Sources */ = {isa = PBXBuildFile; fileRef = 87FC9ED8244805FE00810ECF /* WriteCommentViewController.swift */; };
		87FC9EDB2448060900810ECF /* WriteCommentStoryboard.storyboard in Resources */ = {isa = PBXBuildFile; fileRef = 87FC9EDA2448060900810ECF /* WriteCommentStoryboard.storyboard */; };
		87FC9EDD244939B000810ECF /* SegueViewController.swift in Sources */ = {isa = PBXBuildFile; fileRef = 87FC9EDC244939B000810ECF /* SegueViewController.swift */; };
		87FC9EE0244D7DD000810ECF /* DinnersViewController.swift in Sources */ = {isa = PBXBuildFile; fileRef = 87FC9EDF244D7DD000810ECF /* DinnersViewController.swift */; };
		87FC9EE2244D7DE100810ECF /* DinnerTableViewCell.swift in Sources */ = {isa = PBXBuildFile; fileRef = 87FC9EE1244D7DE100810ECF /* DinnerTableViewCell.swift */; };
		87FC9EE4244E179F00810ECF /* FoodCardViewController.swift in Sources */ = {isa = PBXBuildFile; fileRef = 87FC9EE3244E179F00810ECF /* FoodCardViewController.swift */; };
		87FC9EE6244E57BD00810ECF /* MapPickerViewController.swift in Sources */ = {isa = PBXBuildFile; fileRef = 87FC9EE5244E57BD00810ECF /* MapPickerViewController.swift */; };
		87FC9EE8244E9CE800810ECF /* AddFoodViewController.swift in Sources */ = {isa = PBXBuildFile; fileRef = 87FC9EE7244E9CE800810ECF /* AddFoodViewController.swift */; };
		87FC9EEC244E9FD300810ECF /* PlaceAutocompleteViewController.swift in Sources */ = {isa = PBXBuildFile; fileRef = 87FC9EEB244E9FD300810ECF /* PlaceAutocompleteViewController.swift */; };
		87FC9EEE244E9FE600810ECF /* PlaceAutocompleteStoryboard.storyboard in Resources */ = {isa = PBXBuildFile; fileRef = 87FC9EED244E9FE600810ECF /* PlaceAutocompleteStoryboard.storyboard */; };
		87FC9EF0244EA1A100810ECF /* LocationTableViewCell.swift in Sources */ = {isa = PBXBuildFile; fileRef = 87FC9EEF244EA1A100810ECF /* LocationTableViewCell.swift */; };
		87FC9EF3244FB0B800810ECF /* AddFoodStoryboard.storyboard in Resources */ = {isa = PBXBuildFile; fileRef = 87FC9EF2244FB0B800810ECF /* AddFoodStoryboard.storyboard */; };
		87FC9EF6244FB19100810ECF /* MapPIckerStoryboard.storyboard in Resources */ = {isa = PBXBuildFile; fileRef = 87FC9EF5244FB19100810ECF /* MapPIckerStoryboard.storyboard */; };
		87FC9EFA244FBDDE00810ECF /* DateTimePickerViewController.swift in Sources */ = {isa = PBXBuildFile; fileRef = 87FC9EF9244FBDDE00810ECF /* DateTimePickerViewController.swift */; };
		87FC9EFE245115C600810ECF /* ImportImagesViewController.swift in Sources */ = {isa = PBXBuildFile; fileRef = 87FC9EFD245115C600810ECF /* ImportImagesViewController.swift */; };
		87FC9F01245122DC00810ECF /* GaleryCameraPopUpViewController.swift in Sources */ = {isa = PBXBuildFile; fileRef = 87FC9F00245122DC00810ECF /* GaleryCameraPopUpViewController.swift */; };
		87FC9F032451230A00810ECF /* GaleryCameraPopUpStoryboard.storyboard in Resources */ = {isa = PBXBuildFile; fileRef = 87FC9F022451230A00810ECF /* GaleryCameraPopUpStoryboard.storyboard */; };
		87FC9F062451351000810ECF /* ImageImporterStoryboard.storyboard in Resources */ = {isa = PBXBuildFile; fileRef = 87FC9F052451351000810ECF /* ImageImporterStoryboard.storyboard */; };
/* End PBXBuildFile section */

/* Begin PBXFileReference section */
		4C7EACD69E5F0043056F81B3 /* Pods-ComeAquiOS.release.xcconfig */ = {isa = PBXFileReference; includeInIndex = 1; lastKnownFileType = text.xcconfig; name = "Pods-ComeAquiOS.release.xcconfig"; path = "Target Support Files/Pods-ComeAquiOS/Pods-ComeAquiOS.release.xcconfig"; sourceTree = "<group>"; };
		768E53CF6B78A130CD0485CE /* libPods-ComeAquiOS.a */ = {isa = PBXFileReference; explicitFileType = archive.ar; includeInIndex = 0; path = "libPods-ComeAquiOS.a"; sourceTree = BUILT_PRODUCTS_DIR; };
		8712315E24525370004C0049 /* Server.swift */ = {isa = PBXFileReference; lastKnownFileType = sourcecode.swift; path = Server.swift; sourceTree = "<group>"; };
		873B7E4B24590EA300F5FF7E /* AttendPopUpViewController.swift */ = {isa = PBXFileReference; lastKnownFileType = sourcecode.swift; path = AttendPopUpViewController.swift; sourceTree = "<group>"; };
		873B7E4E24590ECA00F5FF7E /* AttendPopUpStoryboard.storyboard */ = {isa = PBXFileReference; lastKnownFileType = file.storyboard; path = AttendPopUpStoryboard.storyboard; sourceTree = "<group>"; };
		8776FF0C24538220005A4D4C /* TextsClasses.swift */ = {isa = PBXFileReference; lastKnownFileType = sourcecode.swift; path = TextsClasses.swift; sourceTree = "<group>"; };
		879CBFF32458DBCC00383F68 /* OptionsPopUpViewController.swift */ = {isa = PBXFileReference; lastKnownFileType = sourcecode.swift; path = OptionsPopUpViewController.swift; sourceTree = "<group>"; };
		879CBFF52458DBD900383F68 /* OptionsPopUpStoryboard.storyboard */ = {isa = PBXFileReference; lastKnownFileType = file.storyboard; path = OptionsPopUpStoryboard.storyboard; sourceTree = "<group>"; };
		879CBFF92458EFB800383F68 /* DinnersStoryboard.storyboard */ = {isa = PBXFileReference; lastKnownFileType = file.storyboard; path = DinnersStoryboard.storyboard; sourceTree = "<group>"; };
		879CBFFB2458F04D00383F68 /* EditPostViewController.swift */ = {isa = PBXFileReference; lastKnownFileType = sourcecode.swift; path = EditPostViewController.swift; sourceTree = "<group>"; };
		879CBFFD2458F05500383F68 /* EditPostStoryboard.storyboard */ = {isa = PBXFileReference; lastKnownFileType = file.storyboard; path = EditPostStoryboard.storyboard; sourceTree = "<group>"; };
		879CBFFF2458F2B900383F68 /* TypesStoryboard.storyboard */ = {isa = PBXFileReference; lastKnownFileType = file.storyboard; path = TypesStoryboard.storyboard; sourceTree = "<group>"; };
		879CC0032458F3D100383F68 /* DateTimeStoryboard.storyboard */ = {isa = PBXFileReference; lastKnownFileType = file.storyboard; path = DateTimeStoryboard.storyboard; sourceTree = "<group>"; };
		87AAF8A72466291E000CDC1D /* Tab1ViewController.swift */ = {isa = PBXFileReference; lastKnownFileType = sourcecode.swift; path = Tab1ViewController.swift; sourceTree = "<group>"; };
		87AAF8A924662939000CDC1D /* Tab2ViewController.swift */ = {isa = PBXFileReference; lastKnownFileType = sourcecode.swift; path = Tab2ViewController.swift; sourceTree = "<group>"; };
		87AAF8AB24662944000CDC1D /* Tab3ViewController.swift */ = {isa = PBXFileReference; lastKnownFileType = sourcecode.swift; path = Tab3ViewController.swift; sourceTree = "<group>"; };
		87AAF8AD24662960000CDC1D /* Tab1TableViewCell.swift */ = {isa = PBXFileReference; lastKnownFileType = sourcecode.swift; path = Tab1TableViewCell.swift; sourceTree = "<group>"; };
		87AAF8AF24662968000CDC1D /* Tab2TableViewCell.swift */ = {isa = PBXFileReference; lastKnownFileType = sourcecode.swift; path = Tab2TableViewCell.swift; sourceTree = "<group>"; };
		87AAF8B32466298B000CDC1D /* Tab1Storyboard.storyboard */ = {isa = PBXFileReference; lastKnownFileType = file.storyboard; path = Tab1Storyboard.storyboard; sourceTree = "<group>"; };
		87AAF8B524662996000CDC1D /* Tab2Storyboard.storyboard */ = {isa = PBXFileReference; lastKnownFileType = file.storyboard; path = Tab2Storyboard.storyboard; sourceTree = "<group>"; };
		87AAF8B7246629A9000CDC1D /* Tab3Storyboard.storyboard */ = {isa = PBXFileReference; lastKnownFileType = file.storyboard; path = Tab3Storyboard.storyboard; sourceTree = "<group>"; };
		87AAF8BC2468EDCD000CDC1D /* EditProfileStoryboard.storyboard */ = {isa = PBXFileReference; lastKnownFileType = file.storyboard; path = EditProfileStoryboard.storyboard; sourceTree = "<group>"; };
		87AAF8BE2468EE2C000CDC1D /* EditProfileViewController.swift */ = {isa = PBXFileReference; lastKnownFileType = sourcecode.swift; path = EditProfileViewController.swift; sourceTree = "<group>"; };
		87AAF8C12468F90E000CDC1D /* AddBioViewController.swift */ = {isa = PBXFileReference; lastKnownFileType = sourcecode.swift; path = AddBioViewController.swift; sourceTree = "<group>"; };
		87AAF8C32468F918000CDC1D /* AddBioStoryboard.storyboard */ = {isa = PBXFileReference; lastKnownFileType = file.storyboard; path = AddBioStoryboard.storyboard; sourceTree = "<group>"; };
		87AAF8C62468FF21000CDC1D /* EditAccountDetailsViewController.swift */ = {isa = PBXFileReference; lastKnownFileType = sourcecode.swift; path = EditAccountDetailsViewController.swift; sourceTree = "<group>"; };
		87AAF8C82468FF2F000CDC1D /* EditAccountDetailsStoryboard.storyboard */ = {isa = PBXFileReference; lastKnownFileType = file.storyboard; path = EditAccountDetailsStoryboard.storyboard; sourceTree = "<group>"; };
		87AAF8CB24693BB6000CDC1D /* EditEmailAddressViewController.swift */ = {isa = PBXFileReference; lastKnownFileType = sourcecode.swift; path = EditEmailAddressViewController.swift; sourceTree = "<group>"; };
		87AAF8CD24693BC7000CDC1D /* EditEmailAddressStoryboard.storyboard */ = {isa = PBXFileReference; lastKnownFileType = file.storyboard; path = EditEmailAddressStoryboard.storyboard; sourceTree = "<group>"; };
		87AAF8D024694548000CDC1D /* ChangePasswordViewController.swift */ = {isa = PBXFileReference; lastKnownFileType = sourcecode.swift; path = ChangePasswordViewController.swift; sourceTree = "<group>"; };
		87AAF8D224694556000CDC1D /* ChangePasswordStoryboard.storyboard */ = {isa = PBXFileReference; lastKnownFileType = file.storyboard; path = ChangePasswordStoryboard.storyboard; sourceTree = "<group>"; };
		87AAF8D624694B3A000CDC1D /* ForgotPasswordViewController.swift */ = {isa = PBXFileReference; lastKnownFileType = sourcecode.swift; path = ForgotPasswordViewController.swift; sourceTree = "<group>"; };
		87AAF8DA24694B65000CDC1D /* ForgotPasswordStoryboard.storyboard */ = {isa = PBXFileReference; lastKnownFileType = file.storyboard; path = ForgotPasswordStoryboard.storyboard; sourceTree = "<group>"; };
		87AAF8DD2469D19B000CDC1D /* AddPaymentMethodStoryboard.storyboard */ = {isa = PBXFileReference; lastKnownFileType = file.storyboard; path = AddPaymentMethodStoryboard.storyboard; sourceTree = "<group>"; };
		87AAF8DF2469D1AB000CDC1D /* AddPaymentMethodViewController.swift */ = {isa = PBXFileReference; lastKnownFileType = sourcecode.swift; path = AddPaymentMethodViewController.swift; sourceTree = "<group>"; };
		87AAF8E12469D39B000CDC1D /* PaymentMethodTableViewCell.swift */ = {isa = PBXFileReference; lastKnownFileType = sourcecode.swift; path = PaymentMethodTableViewCell.swift; sourceTree = "<group>"; };
		87AAF8E52469D76A000CDC1D /* CardLookViewController.swift */ = {isa = PBXFileReference; lastKnownFileType = sourcecode.swift; path = CardLookViewController.swift; sourceTree = "<group>"; };
		87AAF8E92469DDD5000CDC1D /* AddCreditCardViewController.swift */ = {isa = PBXFileReference; lastKnownFileType = sourcecode.swift; path = AddCreditCardViewController.swift; sourceTree = "<group>"; };
		87AAF8EC2469F307000CDC1D /* BankAccountDetailsViewController.swift */ = {isa = PBXFileReference; lastKnownFileType = sourcecode.swift; path = BankAccountDetailsViewController.swift; sourceTree = "<group>"; };
		87AAF8EE2469F31B000CDC1D /* BankAccountDetailsStoryboard.storyboard */ = {isa = PBXFileReference; lastKnownFileType = file.storyboard; path = BankAccountDetailsStoryboard.storyboard; sourceTree = "<group>"; };
		87AAF8F0246A4024000CDC1D /* Tab3CollectionViewCell.swift */ = {isa = PBXFileReference; lastKnownFileType = sourcecode.swift; path = Tab3CollectionViewCell.swift; sourceTree = "<group>"; };
		87D8A532245920D00056AC9B /* OrderLookViewController.swift */ = {isa = PBXFileReference; lastKnownFileType = sourcecode.swift; path = OrderLookViewController.swift; sourceTree = "<group>"; };
		87D8A535245920E20056AC9B /* OrderLookStoryboard.storyboard */ = {isa = PBXFileReference; lastKnownFileType = file.storyboard; path = OrderLookStoryboard.storyboard; sourceTree = "<group>"; };
		87D8A538245A06EF0056AC9B /* OrdersTabViewController.swift */ = {isa = PBXFileReference; lastKnownFileType = sourcecode.swift; path = OrdersTabViewController.swift; sourceTree = "<group>"; };
		87D8A53A245A06FF0056AC9B /* OrdersTabStoryboard.storyboard */ = {isa = PBXFileReference; lastKnownFileType = file.storyboard; path = OrdersTabStoryboard.storyboard; sourceTree = "<group>"; };
		87D8A58A245A269F0056AC9B /* HostingTableViewCell.swift */ = {isa = PBXFileReference; lastKnownFileType = sourcecode.swift; path = HostingTableViewCell.swift; sourceTree = "<group>"; };
		87D8A58C245A26AA0056AC9B /* HostingStoryboard.storyboard */ = {isa = PBXFileReference; lastKnownFileType = file.storyboard; path = HostingStoryboard.storyboard; sourceTree = "<group>"; };
		87D8A58E245A26BA0056AC9B /* GuestingTableViewCell.swift */ = {isa = PBXFileReference; lastKnownFileType = sourcecode.swift; path = GuestingTableViewCell.swift; sourceTree = "<group>"; };
		87D8A590245A26C70056AC9B /* GuestingStoryboard.storyboard */ = {isa = PBXFileReference; lastKnownFileType = file.storyboard; path = GuestingStoryboard.storyboard; sourceTree = "<group>"; };
		87D8A592245A275B0056AC9B /* GuestingViewController.swift */ = {isa = PBXFileReference; lastKnownFileType = sourcecode.swift; path = GuestingViewController.swift; sourceTree = "<group>"; };
		87D8A594245A27690056AC9B /* HostingViewController.swift */ = {isa = PBXFileReference; lastKnownFileType = sourcecode.swift; path = HostingViewController.swift; sourceTree = "<group>"; };
		87D8A596245A9F430056AC9B /* NotificationTableViewCell.swift */ = {isa = PBXFileReference; lastKnownFileType = sourcecode.swift; path = NotificationTableViewCell.swift; sourceTree = "<group>"; };
		87D8A599245AB2CE0056AC9B /* NotificationViewController.swift */ = {isa = PBXFileReference; lastKnownFileType = sourcecode.swift; path = NotificationViewController.swift; sourceTree = "<group>"; };
		87D8A59B245AB2DC0056AC9B /* NotificationLookStoryboard.storyboard */ = {isa = PBXFileReference; lastKnownFileType = file.storyboard; path = NotificationLookStoryboard.storyboard; sourceTree = "<group>"; };
		87D8A59F245AB3EA0056AC9B /* FoodReviewLookViewController.swift */ = {isa = PBXFileReference; lastKnownFileType = sourcecode.swift; path = FoodReviewLookViewController.swift; sourceTree = "<group>"; };
		87D8A5A1245AB40C0056AC9B /* ReviewLookStoryboard.storyboard */ = {isa = PBXFileReference; lastKnownFileType = file.storyboard; path = ReviewLookStoryboard.storyboard; sourceTree = "<group>"; };
		87D8A5A3245ABEE20056AC9B /* ReviewTableViewCell.swift */ = {isa = PBXFileReference; lastKnownFileType = sourcecode.swift; path = ReviewTableViewCell.swift; sourceTree = "<group>"; };
		87D8A5A7245B80510056AC9B /* WriteReplyTableViewCell.swift */ = {isa = PBXFileReference; lastKnownFileType = sourcecode.swift; path = WriteReplyTableViewCell.swift; sourceTree = "<group>"; };
		87D8A5A9245B805F0056AC9B /* WriteReplyStoryboard.storyboard */ = {isa = PBXFileReference; lastKnownFileType = file.storyboard; path = WriteReplyStoryboard.storyboard; sourceTree = "<group>"; };
		87D8A5AE245CA61F0056AC9B /* ImageScrollStoryboard.storyboard */ = {isa = PBXFileReference; lastKnownFileType = file.storyboard; path = ImageScrollStoryboard.storyboard; sourceTree = "<group>"; };
		87D8A5B0245CA6A90056AC9B /* ImageScrollViewController.swift */ = {isa = PBXFileReference; lastKnownFileType = sourcecode.swift; path = ImageScrollViewController.swift; sourceTree = "<group>"; };
		87E02C8824513864005C272A /* ImageLookerViewController.swift */ = {isa = PBXFileReference; lastKnownFileType = sourcecode.swift; path = ImageLookerViewController.swift; sourceTree = "<group>"; };
		87E02C8A24513880005C272A /* ImageLookerStoryboard.storyboard */ = {isa = PBXFileReference; lastKnownFileType = file.storyboard; path = ImageLookerStoryboard.storyboard; sourceTree = "<group>"; };
		87FC9E762447FF6200810ECF /* ComeAquiOS.app */ = {isa = PBXFileReference; explicitFileType = wrapper.application; includeInIndex = 0; path = ComeAquiOS.app; sourceTree = BUILT_PRODUCTS_DIR; };
		87FC9E792447FF6200810ECF /* AppDelegate.swift */ = {isa = PBXFileReference; lastKnownFileType = sourcecode.swift; path = AppDelegate.swift; sourceTree = "<group>"; };
		87FC9E7B2447FF6200810ECF /* SceneDelegate.swift */ = {isa = PBXFileReference; lastKnownFileType = sourcecode.swift; path = SceneDelegate.swift; sourceTree = "<group>"; };
		87FC9E7D2447FF6200810ECF /* ViewController.swift */ = {isa = PBXFileReference; lastKnownFileType = sourcecode.swift; path = ViewController.swift; sourceTree = "<group>"; };
		87FC9E802447FF6200810ECF /* Base */ = {isa = PBXFileReference; lastKnownFileType = file.storyboard; name = Base; path = Base.lproj/Main.storyboard; sourceTree = "<group>"; };
		87FC9E822447FF6300810ECF /* Assets.xcassets */ = {isa = PBXFileReference; lastKnownFileType = folder.assetcatalog; path = Assets.xcassets; sourceTree = "<group>"; };
		87FC9E852447FF6300810ECF /* Base */ = {isa = PBXFileReference; lastKnownFileType = file.storyboard; name = Base; path = Base.lproj/LaunchScreen.storyboard; sourceTree = "<group>"; };
		87FC9E872447FF6300810ECF /* Info.plist */ = {isa = PBXFileReference; lastKnownFileType = text.plist.xml; path = Info.plist; sourceTree = "<group>"; };
		87FC9E98244800FE00810ECF /* LoginOrRegisterViewController.swift */ = {isa = PBXFileReference; lastKnownFileType = sourcecode.swift; path = LoginOrRegisterViewController.swift; sourceTree = "<group>"; };
		87FC9E9A2448011900810ECF /* LoginViewController.swift */ = {isa = PBXFileReference; lastKnownFileType = sourcecode.swift; path = LoginViewController.swift; sourceTree = "<group>"; };
		87FC9E9C2448012800810ECF /* RegisterViewController.swift */ = {isa = PBXFileReference; lastKnownFileType = sourcecode.swift; path = RegisterViewController.swift; sourceTree = "<group>"; };
		87FC9E9E2448014500810ECF /* LoginOrRegisterStoryboard.storyboard */ = {isa = PBXFileReference; lastKnownFileType = file.storyboard; path = LoginOrRegisterStoryboard.storyboard; sourceTree = "<group>"; };
		87FC9EA2244801A100810ECF /* ProfileViewController.swift */ = {isa = PBXFileReference; lastKnownFileType = sourcecode.swift; path = ProfileViewController.swift; sourceTree = "<group>"; };
		87FC9EA4244801AE00810ECF /* ProfileStoryboard.storyboard */ = {isa = PBXFileReference; lastKnownFileType = file.storyboard; path = ProfileStoryboard.storyboard; sourceTree = "<group>"; };
		87FC9EA6244801FD00810ECF /* NotificationsViewController.swift */ = {isa = PBXFileReference; lastKnownFileType = sourcecode.swift; path = NotificationsViewController.swift; sourceTree = "<group>"; };
		87FC9EA82448020D00810ECF /* NotificationsStoryboard.storyboard */ = {isa = PBXFileReference; lastKnownFileType = file.storyboard; path = NotificationsStoryboard.storyboard; sourceTree = "<group>"; };
		87FC9EAA2448026800810ECF /* TableViewCell.swift */ = {isa = PBXFileReference; lastKnownFileType = sourcecode.swift; path = TableViewCell.swift; sourceTree = "<group>"; };
		87FC9EAC2448028500810ECF /* OrdersViewController.swift */ = {isa = PBXFileReference; lastKnownFileType = sourcecode.swift; path = OrdersViewController.swift; sourceTree = "<group>"; };
		87FC9EAE2448029200810ECF /* OrdersStoryboard.storyboard */ = {isa = PBXFileReference; lastKnownFileType = file.storyboard; path = OrdersStoryboard.storyboard; sourceTree = "<group>"; };
		87FC9EB22448030E00810ECF /* LoadingCell.swift */ = {isa = PBXFileReference; lastKnownFileType = sourcecode.swift; path = LoadingCell.swift; sourceTree = "<group>"; };
		87FC9EB32448030E00810ECF /* LoadingCell.xib */ = {isa = PBXFileReference; lastKnownFileType = file.xib; path = LoadingCell.xib; sourceTree = "<group>"; };
		87FC9EB62448033C00810ECF /* MapViewController.swift */ = {isa = PBXFileReference; lastKnownFileType = sourcecode.swift; path = MapViewController.swift; sourceTree = "<group>"; };
		87FC9EB82448034B00810ECF /* MapStoryboard.storyboard */ = {isa = PBXFileReference; lastKnownFileType = file.storyboard; path = MapStoryboard.storyboard; sourceTree = "<group>"; };
		87FC9EBA2448038900810ECF /* TypesViewController.swift */ = {isa = PBXFileReference; lastKnownFileType = sourcecode.swift; path = TypesViewController.swift; sourceTree = "<group>"; };
		87FC9EBC2448039B00810ECF /* RateStarViewController.swift */ = {isa = PBXFileReference; lastKnownFileType = sourcecode.swift; path = RateStarViewController.swift; sourceTree = "<group>"; };
		87FC9EBF244804A100810ECF /* FoodLookViewController.swift */ = {isa = PBXFileReference; lastKnownFileType = sourcecode.swift; path = FoodLookViewController.swift; sourceTree = "<group>"; };
		87FC9EC1244804C300810ECF /* FoodLookStoryboard.storyboard */ = {isa = PBXFileReference; lastKnownFileType = file.storyboard; path = FoodLookStoryboard.storyboard; sourceTree = "<group>"; };
		87FC9EC3244804DD00810ECF /* Strings.swift */ = {isa = PBXFileReference; lastKnownFileType = sourcecode.swift; path = Strings.swift; sourceTree = "<group>"; };
		87FC9EC5244804F500810ECF /* Extensions.swift */ = {isa = PBXFileReference; lastKnownFileType = sourcecode.swift; path = Extensions.swift; sourceTree = "<group>"; };
		87FC9EC7244804FF00810ECF /* Objects.swift */ = {isa = PBXFileReference; lastKnownFileType = sourcecode.swift; path = Objects.swift; sourceTree = "<group>"; };
		87FC9EC92448050A00810ECF /* Classes.swift */ = {isa = PBXFileReference; lastKnownFileType = sourcecode.swift; path = Classes.swift; sourceTree = "<group>"; };
		87FC9ECB2448051900810ECF /* DateFormatting.swift */ = {isa = PBXFileReference; lastKnownFileType = sourcecode.swift; path = DateFormatting.swift; sourceTree = "<group>"; };
		87FC9ECD2448055D00810ECF /* CommentsViewController.swift */ = {isa = PBXFileReference; lastKnownFileType = sourcecode.swift; path = CommentsViewController.swift; sourceTree = "<group>"; };
		87FC9ED1244805AC00810ECF /* CommentsTableViewCell.swift */ = {isa = PBXFileReference; lastKnownFileType = sourcecode.swift; path = CommentsTableViewCell.swift; sourceTree = "<group>"; };
		87FC9ED2244805AC00810ECF /* CommentsTableViewCell.xib */ = {isa = PBXFileReference; lastKnownFileType = file.xib; path = CommentsTableViewCell.xib; sourceTree = "<group>"; };
		87FC9ED5244805D200810ECF /* CommentsStoryboard.storyboard */ = {isa = PBXFileReference; lastKnownFileType = file.storyboard; path = CommentsStoryboard.storyboard; sourceTree = "<group>"; };
		87FC9ED8244805FE00810ECF /* WriteCommentViewController.swift */ = {isa = PBXFileReference; lastKnownFileType = sourcecode.swift; path = WriteCommentViewController.swift; sourceTree = "<group>"; };
		87FC9EDA2448060900810ECF /* WriteCommentStoryboard.storyboard */ = {isa = PBXFileReference; lastKnownFileType = file.storyboard; path = WriteCommentStoryboard.storyboard; sourceTree = "<group>"; };
		87FC9EDC244939B000810ECF /* SegueViewController.swift */ = {isa = PBXFileReference; lastKnownFileType = sourcecode.swift; path = SegueViewController.swift; sourceTree = "<group>"; };
		87FC9EDF244D7DD000810ECF /* DinnersViewController.swift */ = {isa = PBXFileReference; lastKnownFileType = sourcecode.swift; path = DinnersViewController.swift; sourceTree = "<group>"; };
		87FC9EE1244D7DE100810ECF /* DinnerTableViewCell.swift */ = {isa = PBXFileReference; lastKnownFileType = sourcecode.swift; path = DinnerTableViewCell.swift; sourceTree = "<group>"; };
		87FC9EE3244E179F00810ECF /* FoodCardViewController.swift */ = {isa = PBXFileReference; lastKnownFileType = sourcecode.swift; path = FoodCardViewController.swift; sourceTree = "<group>"; };
		87FC9EE5244E57BD00810ECF /* MapPickerViewController.swift */ = {isa = PBXFileReference; lastKnownFileType = sourcecode.swift; path = MapPickerViewController.swift; sourceTree = "<group>"; };
		87FC9EE7244E9CE800810ECF /* AddFoodViewController.swift */ = {isa = PBXFileReference; lastKnownFileType = sourcecode.swift; path = AddFoodViewController.swift; sourceTree = "<group>"; };
		87FC9EEB244E9FD300810ECF /* PlaceAutocompleteViewController.swift */ = {isa = PBXFileReference; lastKnownFileType = sourcecode.swift; path = PlaceAutocompleteViewController.swift; sourceTree = "<group>"; };
		87FC9EED244E9FE600810ECF /* PlaceAutocompleteStoryboard.storyboard */ = {isa = PBXFileReference; lastKnownFileType = file.storyboard; path = PlaceAutocompleteStoryboard.storyboard; sourceTree = "<group>"; };
		87FC9EEF244EA1A100810ECF /* LocationTableViewCell.swift */ = {isa = PBXFileReference; lastKnownFileType = sourcecode.swift; path = LocationTableViewCell.swift; sourceTree = "<group>"; };
		87FC9EF2244FB0B800810ECF /* AddFoodStoryboard.storyboard */ = {isa = PBXFileReference; lastKnownFileType = file.storyboard; path = AddFoodStoryboard.storyboard; sourceTree = "<group>"; };
		87FC9EF5244FB19100810ECF /* MapPIckerStoryboard.storyboard */ = {isa = PBXFileReference; lastKnownFileType = file.storyboard; path = MapPIckerStoryboard.storyboard; sourceTree = "<group>"; };
		87FC9EF9244FBDDE00810ECF /* DateTimePickerViewController.swift */ = {isa = PBXFileReference; lastKnownFileType = sourcecode.swift; path = DateTimePickerViewController.swift; sourceTree = "<group>"; };
		87FC9EFD245115C600810ECF /* ImportImagesViewController.swift */ = {isa = PBXFileReference; lastKnownFileType = sourcecode.swift; path = ImportImagesViewController.swift; sourceTree = "<group>"; };
		87FC9F00245122DC00810ECF /* GaleryCameraPopUpViewController.swift */ = {isa = PBXFileReference; lastKnownFileType = sourcecode.swift; path = GaleryCameraPopUpViewController.swift; sourceTree = "<group>"; };
		87FC9F022451230A00810ECF /* GaleryCameraPopUpStoryboard.storyboard */ = {isa = PBXFileReference; lastKnownFileType = file.storyboard; path = GaleryCameraPopUpStoryboard.storyboard; sourceTree = "<group>"; };
		87FC9F052451351000810ECF /* ImageImporterStoryboard.storyboard */ = {isa = PBXFileReference; lastKnownFileType = file.storyboard; path = ImageImporterStoryboard.storyboard; sourceTree = "<group>"; };
		EE35396FEB851C07CF98D0E9 /* Pods-ComeAquiOS.debug.xcconfig */ = {isa = PBXFileReference; includeInIndex = 1; lastKnownFileType = text.xcconfig; name = "Pods-ComeAquiOS.debug.xcconfig"; path = "Target Support Files/Pods-ComeAquiOS/Pods-ComeAquiOS.debug.xcconfig"; sourceTree = "<group>"; };
/* End PBXFileReference section */

/* Begin PBXFrameworksBuildPhase section */
		87FC9E732447FF6200810ECF /* Frameworks */ = {
			isa = PBXFrameworksBuildPhase;
			buildActionMask = 2147483647;
			files = (
				1B14F1A31705743CEB43F983 /* libPods-ComeAquiOS.a in Frameworks */,
			);
			runOnlyForDeploymentPostprocessing = 0;
		};
/* End PBXFrameworksBuildPhase section */

/* Begin PBXGroup section */
		873B7E4A24590E6C00F5FF7E /* Attend Pop Up */ = {
			isa = PBXGroup;
			children = (
				873B7E4B24590EA300F5FF7E /* AttendPopUpViewController.swift */,
				873B7E4E24590ECA00F5FF7E /* AttendPopUpStoryboard.storyboard */,
			);
			path = "Attend Pop Up";
			sourceTree = "<group>";
		};
		879CBFF12458DB9400383F68 /* GalleryCamera */ = {
			isa = PBXGroup;
			children = (
				87FC9F00245122DC00810ECF /* GaleryCameraPopUpViewController.swift */,
				87FC9F022451230A00810ECF /* GaleryCameraPopUpStoryboard.storyboard */,
			);
			path = GalleryCamera;
			sourceTree = "<group>";
		};
		879CBFF22458DBB000383F68 /* Options Pop Up */ = {
			isa = PBXGroup;
			children = (
				879CBFF32458DBCC00383F68 /* OptionsPopUpViewController.swift */,
				879CBFF52458DBD900383F68 /* OptionsPopUpStoryboard.storyboard */,
			);
			path = "Options Pop Up";
			sourceTree = "<group>";
		};
		879CBFF72458EF8500383F68 /* Edit */ = {
			isa = PBXGroup;
			children = (
				879CBFFB2458F04D00383F68 /* EditPostViewController.swift */,
				879CBFFD2458F05500383F68 /* EditPostStoryboard.storyboard */,
			);
			path = Edit;
			sourceTree = "<group>";
		};
		879CC0012458F2BC00383F68 /* Types */ = {
			isa = PBXGroup;
			children = (
				87FC9EBA2448038900810ECF /* TypesViewController.swift */,
				879CBFFF2458F2B900383F68 /* TypesStoryboard.storyboard */,
			);
			path = Types;
			sourceTree = "<group>";
		};
		879CC0022458F3BA00383F68 /* Date Time Picker */ = {
			isa = PBXGroup;
			children = (
				87FC9EF9244FBDDE00810ECF /* DateTimePickerViewController.swift */,
				879CC0032458F3D100383F68 /* DateTimeStoryboard.storyboard */,
			);
			path = "Date Time Picker";
			sourceTree = "<group>";
		};
		87AAF8A3246628B7000CDC1D /* Tabs */ = {
			isa = PBXGroup;
			children = (
				87AAF8A4246628DE000CDC1D /* Tab1 */,
				87AAF8A5246628E8000CDC1D /* Tab2 */,
				87AAF8A6246628ED000CDC1D /* Tab3 */,
			);
			path = Tabs;
			sourceTree = "<group>";
		};
		87AAF8A4246628DE000CDC1D /* Tab1 */ = {
			isa = PBXGroup;
			children = (
				87AAF8A72466291E000CDC1D /* Tab1ViewController.swift */,
				87AAF8AD24662960000CDC1D /* Tab1TableViewCell.swift */,
				87AAF8B32466298B000CDC1D /* Tab1Storyboard.storyboard */,
			);
			path = Tab1;
			sourceTree = "<group>";
		};
		87AAF8A5246628E8000CDC1D /* Tab2 */ = {
			isa = PBXGroup;
			children = (
				87AAF8A924662939000CDC1D /* Tab2ViewController.swift */,
				87AAF8AF24662968000CDC1D /* Tab2TableViewCell.swift */,
				87AAF8B524662996000CDC1D /* Tab2Storyboard.storyboard */,
			);
			path = Tab2;
			sourceTree = "<group>";
		};
		87AAF8A6246628ED000CDC1D /* Tab3 */ = {
			isa = PBXGroup;
			children = (
				87AAF8AB24662944000CDC1D /* Tab3ViewController.swift */,
				87AAF8F0246A4024000CDC1D /* Tab3CollectionViewCell.swift */,
				87AAF8B7246629A9000CDC1D /* Tab3Storyboard.storyboard */,
			);
			path = Tab3;
			sourceTree = "<group>";
		};
		87AAF8B92468ECD1000CDC1D /* Edit Profile */ = {
			isa = PBXGroup;
			children = (
				87AAF8DC2469D17C000CDC1D /* Add Payment Method */,
				87AAF8C02468F8F8000CDC1D /* Add Bio */,
				87AAF8C52468FF09000CDC1D /* Edit Account Details */,
				87AAF8EB2469F2E8000CDC1D /* Bank Account Details */,
				87AAF8BE2468EE2C000CDC1D /* EditProfileViewController.swift */,
				87AAF8BC2468EDCD000CDC1D /* EditProfileStoryboard.storyboard */,
			);
			path = "Edit Profile";
			sourceTree = "<group>";
		};
		87AAF8C02468F8F8000CDC1D /* Add Bio */ = {
			isa = PBXGroup;
			children = (
				87AAF8C12468F90E000CDC1D /* AddBioViewController.swift */,
				87AAF8C32468F918000CDC1D /* AddBioStoryboard.storyboard */,
			);
			path = "Add Bio";
			sourceTree = "<group>";
		};
		87AAF8C52468FF09000CDC1D /* Edit Account Details */ = {
			isa = PBXGroup;
			children = (
				87AAF8CF24694531000CDC1D /* Change Password */,
				87AAF8CA24693B9F000CDC1D /* Edit Email Address */,
				87AAF8C62468FF21000CDC1D /* EditAccountDetailsViewController.swift */,
				87AAF8C82468FF2F000CDC1D /* EditAccountDetailsStoryboard.storyboard */,
			);
			path = "Edit Account Details";
			sourceTree = "<group>";
		};
		87AAF8CA24693B9F000CDC1D /* Edit Email Address */ = {
			isa = PBXGroup;
			children = (
				87AAF8CB24693BB6000CDC1D /* EditEmailAddressViewController.swift */,
				87AAF8CD24693BC7000CDC1D /* EditEmailAddressStoryboard.storyboard */,
			);
			path = "Edit Email Address";
			sourceTree = "<group>";
		};
		87AAF8CF24694531000CDC1D /* Change Password */ = {
			isa = PBXGroup;
			children = (
				87AAF8D524694B27000CDC1D /* Forgot Password */,
				87AAF8D024694548000CDC1D /* ChangePasswordViewController.swift */,
				87AAF8D224694556000CDC1D /* ChangePasswordStoryboard.storyboard */,
			);
			path = "Change Password";
			sourceTree = "<group>";
		};
		87AAF8D524694B27000CDC1D /* Forgot Password */ = {
			isa = PBXGroup;
			children = (
				87AAF8D624694B3A000CDC1D /* ForgotPasswordViewController.swift */,
				87AAF8DA24694B65000CDC1D /* ForgotPasswordStoryboard.storyboard */,
			);
			path = "Forgot Password";
			sourceTree = "<group>";
		};
		87AAF8DC2469D17C000CDC1D /* Add Payment Method */ = {
			isa = PBXGroup;
			children = (
				87AAF8DF2469D1AB000CDC1D /* AddPaymentMethodViewController.swift */,
				87AAF8E12469D39B000CDC1D /* PaymentMethodTableViewCell.swift */,
				87AAF8E52469D76A000CDC1D /* CardLookViewController.swift */,
				87AAF8E92469DDD5000CDC1D /* AddCreditCardViewController.swift */,
				87AAF8DD2469D19B000CDC1D /* AddPaymentMethodStoryboard.storyboard */,
			);
			path = "Add Payment Method";
			sourceTree = "<group>";
		};
		87AAF8EB2469F2E8000CDC1D /* Bank Account Details */ = {
			isa = PBXGroup;
			children = (
				87AAF8EC2469F307000CDC1D /* BankAccountDetailsViewController.swift */,
				87AAF8EE2469F31B000CDC1D /* BankAccountDetailsStoryboard.storyboard */,
			);
			path = "Bank Account Details";
			sourceTree = "<group>";
		};
		87D8A531245920BC0056AC9B /* Order Look */ = {
			isa = PBXGroup;
			children = (
				87D8A532245920D00056AC9B /* OrderLookViewController.swift */,
				87D8A535245920E20056AC9B /* OrderLookStoryboard.storyboard */,
			);
			path = "Order Look";
			sourceTree = "<group>";
		};
		87D8A537245A06C60056AC9B /* Orders Tab */ = {
			isa = PBXGroup;
			children = (
				87D8A538245A06EF0056AC9B /* OrdersTabViewController.swift */,
				87D8A53A245A06FF0056AC9B /* OrdersTabStoryboard.storyboard */,
			);
			path = "Orders Tab";
			sourceTree = "<group>";
		};
		87D8A588245A26650056AC9B /* Hosting */ = {
			isa = PBXGroup;
			children = (
				87D8A594245A27690056AC9B /* HostingViewController.swift */,
				87D8A58A245A269F0056AC9B /* HostingTableViewCell.swift */,
				87D8A58C245A26AA0056AC9B /* HostingStoryboard.storyboard */,
			);
			path = Hosting;
			sourceTree = "<group>";
		};
		87D8A589245A26850056AC9B /* Guesting */ = {
			isa = PBXGroup;
			children = (
				87D8A592245A275B0056AC9B /* GuestingViewController.swift */,
				87D8A58E245A26BA0056AC9B /* GuestingTableViewCell.swift */,
				87D8A590245A26C70056AC9B /* GuestingStoryboard.storyboard */,
			);
			path = Guesting;
			sourceTree = "<group>";
		};
		87D8A598245AB2B50056AC9B /* Notification Look */ = {
			isa = PBXGroup;
			children = (
				87D8A599245AB2CE0056AC9B /* NotificationViewController.swift */,
				87D8A59B245AB2DC0056AC9B /* NotificationLookStoryboard.storyboard */,
			);
			path = "Notification Look";
			sourceTree = "<group>";
		};
		87D8A59D245AB3940056AC9B /* Reviews */ = {
			isa = PBXGroup;
			children = (
				87D8A59E245AB3AA0056AC9B /* Review Look */,
			);
			path = Reviews;
			sourceTree = "<group>";
		};
		87D8A59E245AB3AA0056AC9B /* Review Look */ = {
			isa = PBXGroup;
			children = (
				87D8A5A6245B802F0056AC9B /* Write Review */,
				87D8A59F245AB3EA0056AC9B /* FoodReviewLookViewController.swift */,
				87D8A5A3245ABEE20056AC9B /* ReviewTableViewCell.swift */,
				87D8A5A1245AB40C0056AC9B /* ReviewLookStoryboard.storyboard */,
			);
			path = "Review Look";
			sourceTree = "<group>";
		};
		87D8A5A6245B802F0056AC9B /* Write Review */ = {
			isa = PBXGroup;
			children = (
				87D8A5A7245B80510056AC9B /* WriteReplyTableViewCell.swift */,
				87D8A5A9245B805F0056AC9B /* WriteReplyStoryboard.storyboard */,
			);
			path = "Write Review";
			sourceTree = "<group>";
		};
		87D8A5AD245CA60A0056AC9B /* Image Scroll View */ = {
			isa = PBXGroup;
			children = (
				87D8A5B0245CA6A90056AC9B /* ImageScrollViewController.swift */,
				87D8A5AE245CA61F0056AC9B /* ImageScrollStoryboard.storyboard */,
			);
			path = "Image Scroll View";
			sourceTree = "<group>";
		};
		87E02C8724513846005C272A /* Image Looker */ = {
			isa = PBXGroup;
			children = (
				87E02C8824513864005C272A /* ImageLookerViewController.swift */,
				87E02C8A24513880005C272A /* ImageLookerStoryboard.storyboard */,
			);
			path = "Image Looker";
			sourceTree = "<group>";
		};
		87FC9E6D2447FF6200810ECF = {
			isa = PBXGroup;
			children = (
				87FC9E782447FF6200810ECF /* ComeAquiOS */,
				87FC9E772447FF6200810ECF /* Products */,
				BEA3AB0D8674400B2B58D384 /* Pods */,
				A93E424EAEEC1954E6F6AD45 /* Frameworks */,
			);
			sourceTree = "<group>";
		};
		87FC9E772447FF6200810ECF /* Products */ = {
			isa = PBXGroup;
			children = (
				87FC9E762447FF6200810ECF /* ComeAquiOS.app */,
			);
			name = Products;
			sourceTree = "<group>";
		};
		87FC9E782447FF6200810ECF /* ComeAquiOS */ = {
			isa = PBXGroup;
			children = (
				87FC9E96244800B400810ECF /* Utils */,
				87FC9E97244800B700810ECF /* Comments */,
				87FC9E95244800B200810ECF /* General */,
				87FC9E94244800B000810ECF /* Map */,
				87FC9E93244800AD00810ECF /* Orders */,
				87FC9E92244800A500810ECF /* Notifications */,
				87FC9E91244800A100810ECF /* Profile */,
				87D8A59D245AB3940056AC9B /* Reviews */,
				87FC9E902448008500810ECF /* Login */,
				87FC9EE9244E9FA600810ECF /* Utilities */,
				87FC9E792447FF6200810ECF /* AppDelegate.swift */,
				87FC9E7B2447FF6200810ECF /* SceneDelegate.swift */,
				87FC9E7D2447FF6200810ECF /* ViewController.swift */,
				87FC9E7F2447FF6200810ECF /* Main.storyboard */,
				87FC9E822447FF6300810ECF /* Assets.xcassets */,
				87FC9E842447FF6300810ECF /* LaunchScreen.storyboard */,
				87FC9E872447FF6300810ECF /* Info.plist */,
			);
			path = ComeAquiOS;
			sourceTree = "<group>";
		};
		87FC9E902448008500810ECF /* Login */ = {
			isa = PBXGroup;
			children = (
				87FC9E98244800FE00810ECF /* LoginOrRegisterViewController.swift */,
				87FC9E9A2448011900810ECF /* LoginViewController.swift */,
				87FC9E9C2448012800810ECF /* RegisterViewController.swift */,
				87FC9E9E2448014500810ECF /* LoginOrRegisterStoryboard.storyboard */,
			);
			path = Login;
			sourceTree = "<group>";
		};
		87FC9E91244800A100810ECF /* Profile */ = {
			isa = PBXGroup;
			children = (
				87AAF8B92468ECD1000CDC1D /* Edit Profile */,
				87AAF8A3246628B7000CDC1D /* Tabs */,
				87FC9EA2244801A100810ECF /* ProfileViewController.swift */,
				87FC9EA4244801AE00810ECF /* ProfileStoryboard.storyboard */,
			);
			path = Profile;
			sourceTree = "<group>";
		};
		87FC9E92244800A500810ECF /* Notifications */ = {
			isa = PBXGroup;
			children = (
				87D8A598245AB2B50056AC9B /* Notification Look */,
				87FC9EA6244801FD00810ECF /* NotificationsViewController.swift */,
				87D8A596245A9F430056AC9B /* NotificationTableViewCell.swift */,
				87FC9EA82448020D00810ECF /* NotificationsStoryboard.storyboard */,
			);
			path = Notifications;
			sourceTree = "<group>";
		};
		87FC9E93244800AD00810ECF /* Orders */ = {
			isa = PBXGroup;
			children = (
				87D8A589245A26850056AC9B /* Guesting */,
				87D8A588245A26650056AC9B /* Hosting */,
				87D8A537245A06C60056AC9B /* Orders Tab */,
				87FC9EAA2448026800810ECF /* TableViewCell.swift */,
				87FC9EAC2448028500810ECF /* OrdersViewController.swift */,
				87FC9EAE2448029200810ECF /* OrdersStoryboard.storyboard */,
				87FC9EB22448030E00810ECF /* LoadingCell.swift */,
				87FC9EB32448030E00810ECF /* LoadingCell.xib */,
			);
			path = Orders;
			sourceTree = "<group>";
		};
		87FC9E94244800B000810ECF /* Map */ = {
			isa = PBXGroup;
			children = (
				87FC9EF4244FB17500810ECF /* Map Picker */,
				87FC9EF1244FB08D00810ECF /* Add Food */,
				87FC9EE3244E179F00810ECF /* FoodCardViewController.swift */,
				87FC9EB62448033C00810ECF /* MapViewController.swift */,
				87FC9EB82448034B00810ECF /* MapStoryboard.storyboard */,
			);
			path = Map;
			sourceTree = "<group>";
		};
		87FC9E95244800B200810ECF /* General */ = {
			isa = PBXGroup;
			children = (
				87D8A531245920BC0056AC9B /* Order Look */,
				87FC9EBE244803B600810ECF /* FoodLook */,
			);
			path = General;
			sourceTree = "<group>";
		};
		87FC9E96244800B400810ECF /* Utils */ = {
			isa = PBXGroup;
			children = (
				87FC9EC3244804DD00810ECF /* Strings.swift */,
				87FC9EC5244804F500810ECF /* Extensions.swift */,
				87FC9EC7244804FF00810ECF /* Objects.swift */,
				87FC9EC92448050A00810ECF /* Classes.swift */,
				87FC9ECB2448051900810ECF /* DateFormatting.swift */,
				8712315E24525370004C0049 /* Server.swift */,
				8776FF0C24538220005A4D4C /* TextsClasses.swift */,
			);
			path = Utils;
			sourceTree = "<group>";
		};
		87FC9E97244800B700810ECF /* Comments */ = {
			isa = PBXGroup;
			children = (
				87FC9EDC244939B000810ECF /* SegueViewController.swift */,
				87FC9ED7244805E300810ECF /* WriteComment */,
				87FC9ECD2448055D00810ECF /* CommentsViewController.swift */,
				87FC9ED1244805AC00810ECF /* CommentsTableViewCell.swift */,
				87FC9ED2244805AC00810ECF /* CommentsTableViewCell.xib */,
				87FC9ED5244805D200810ECF /* CommentsStoryboard.storyboard */,
			);
			path = Comments;
			sourceTree = "<group>";
		};
		87FC9EBE244803B600810ECF /* FoodLook */ = {
			isa = PBXGroup;
			children = (
				873B7E4A24590E6C00F5FF7E /* Attend Pop Up */,
				879CBFF72458EF8500383F68 /* Edit */,
				87FC9EDE244D7DBC00810ECF /* Dinners */,
				87FC9EBF244804A100810ECF /* FoodLookViewController.swift */,
				87FC9EC1244804C300810ECF /* FoodLookStoryboard.storyboard */,
			);
			path = FoodLook;
			sourceTree = "<group>";
		};
		87FC9ED7244805E300810ECF /* WriteComment */ = {
			isa = PBXGroup;
			children = (
				87FC9ED8244805FE00810ECF /* WriteCommentViewController.swift */,
				87FC9EDA2448060900810ECF /* WriteCommentStoryboard.storyboard */,
			);
			path = WriteComment;
			sourceTree = "<group>";
		};
		87FC9EDE244D7DBC00810ECF /* Dinners */ = {
			isa = PBXGroup;
			children = (
				87FC9EDF244D7DD000810ECF /* DinnersViewController.swift */,
				87FC9EE1244D7DE100810ECF /* DinnerTableViewCell.swift */,
				879CBFF92458EFB800383F68 /* DinnersStoryboard.storyboard */,
			);
			path = Dinners;
			sourceTree = "<group>";
		};
		87FC9EE9244E9FA600810ECF /* Utilities */ = {
			isa = PBXGroup;
			children = (
				87D8A5AD245CA60A0056AC9B /* Image Scroll View */,
				879CC0022458F3BA00383F68 /* Date Time Picker */,
				879CC0012458F2BC00383F68 /* Types */,
				87E02C8724513846005C272A /* Image Looker */,
				87FC9F04245134F400810ECF /* Image Importer */,
				87FC9EFF2451223B00810ECF /* Pop Ups */,
				87FC9EEA244E9FB600810ECF /* Place Autocomplete */,
				87FC9EBC2448039B00810ECF /* RateStarViewController.swift */,
			);
			path = Utilities;
			sourceTree = "<group>";
		};
		87FC9EEA244E9FB600810ECF /* Place Autocomplete */ = {
			isa = PBXGroup;
			children = (
				87FC9EEB244E9FD300810ECF /* PlaceAutocompleteViewController.swift */,
				87FC9EEF244EA1A100810ECF /* LocationTableViewCell.swift */,
				87FC9EED244E9FE600810ECF /* PlaceAutocompleteStoryboard.storyboard */,
			);
			path = "Place Autocomplete";
			sourceTree = "<group>";
		};
		87FC9EF1244FB08D00810ECF /* Add Food */ = {
			isa = PBXGroup;
			children = (
				87FC9EE7244E9CE800810ECF /* AddFoodViewController.swift */,
				87FC9EF2244FB0B800810ECF /* AddFoodStoryboard.storyboard */,
			);
			path = "Add Food";
			sourceTree = "<group>";
		};
		87FC9EF4244FB17500810ECF /* Map Picker */ = {
			isa = PBXGroup;
			children = (
				87FC9EE5244E57BD00810ECF /* MapPickerViewController.swift */,
				87FC9EF5244FB19100810ECF /* MapPIckerStoryboard.storyboard */,
			);
			path = "Map Picker";
			sourceTree = "<group>";
		};
		87FC9EFF2451223B00810ECF /* Pop Ups */ = {
			isa = PBXGroup;
			children = (
				879CBFF22458DBB000383F68 /* Options Pop Up */,
				879CBFF12458DB9400383F68 /* GalleryCamera */,
			);
			path = "Pop Ups";
			sourceTree = "<group>";
		};
		87FC9F04245134F400810ECF /* Image Importer */ = {
			isa = PBXGroup;
			children = (
				87FC9EFD245115C600810ECF /* ImportImagesViewController.swift */,
				87FC9F052451351000810ECF /* ImageImporterStoryboard.storyboard */,
			);
			path = "Image Importer";
			sourceTree = "<group>";
		};
		A93E424EAEEC1954E6F6AD45 /* Frameworks */ = {
			isa = PBXGroup;
			children = (
				768E53CF6B78A130CD0485CE /* libPods-ComeAquiOS.a */,
			);
			name = Frameworks;
			sourceTree = "<group>";
		};
		BEA3AB0D8674400B2B58D384 /* Pods */ = {
			isa = PBXGroup;
			children = (
				EE35396FEB851C07CF98D0E9 /* Pods-ComeAquiOS.debug.xcconfig */,
				4C7EACD69E5F0043056F81B3 /* Pods-ComeAquiOS.release.xcconfig */,
			);
			path = Pods;
			sourceTree = "<group>";
		};
/* End PBXGroup section */

/* Begin PBXNativeTarget section */
		87FC9E752447FF6200810ECF /* ComeAquiOS */ = {
			isa = PBXNativeTarget;
			buildConfigurationList = 87FC9E8A2447FF6300810ECF /* Build configuration list for PBXNativeTarget "ComeAquiOS" */;
			buildPhases = (
				567BAD8C2F042C47CCAEC433 /* [CP] Check Pods Manifest.lock */,
				87FC9E722447FF6200810ECF /* Sources */,
				87FC9E732447FF6200810ECF /* Frameworks */,
				87FC9E742447FF6200810ECF /* Resources */,
				78DD2E3BA467D96D220BD4E8 /* [CP] Copy Pods Resources */,
			);
			buildRules = (
			);
			dependencies = (
			);
			name = ComeAquiOS;
			productName = ComeAquiOS;
			productReference = 87FC9E762447FF6200810ECF /* ComeAquiOS.app */;
			productType = "com.apple.product-type.application";
		};
/* End PBXNativeTarget section */

/* Begin PBXProject section */
		87FC9E6E2447FF6200810ECF /* Project object */ = {
			isa = PBXProject;
			attributes = {
				LastSwiftUpdateCheck = 1140;
				LastUpgradeCheck = 1140;
				ORGANIZATIONNAME = "Eduardo Rodríguez Pérez";
				TargetAttributes = {
					87FC9E752447FF6200810ECF = {
						CreatedOnToolsVersion = 11.4.1;
					};
				};
			};
			buildConfigurationList = 87FC9E712447FF6200810ECF /* Build configuration list for PBXProject "ComeAquiOS" */;
			compatibilityVersion = "Xcode 9.3";
			developmentRegion = en;
			hasScannedForEncodings = 0;
			knownRegions = (
				en,
				Base,
			);
			mainGroup = 87FC9E6D2447FF6200810ECF;
			productRefGroup = 87FC9E772447FF6200810ECF /* Products */;
			projectDirPath = "";
			projectRoot = "";
			targets = (
				87FC9E752447FF6200810ECF /* ComeAquiOS */,
			);
		};
/* End PBXProject section */

/* Begin PBXResourcesBuildPhase section */
		87FC9E742447FF6200810ECF /* Resources */ = {
			isa = PBXResourcesBuildPhase;
			buildActionMask = 2147483647;
			files = (
				87FC9ED4244805AC00810ECF /* CommentsTableViewCell.xib in Resources */,
				87FC9E862447FF6300810ECF /* LaunchScreen.storyboard in Resources */,
				879CC0042458F3D100383F68 /* DateTimeStoryboard.storyboard in Resources */,
				87FC9E832447FF6300810ECF /* Assets.xcassets in Resources */,
				87AAF8DE2469D19B000CDC1D /* AddPaymentMethodStoryboard.storyboard in Resources */,
				873B7E4F24590ECA00F5FF7E /* AttendPopUpStoryboard.storyboard in Resources */,
				87FC9EDB2448060900810ECF /* WriteCommentStoryboard.storyboard in Resources */,
				87FC9EF3244FB0B800810ECF /* AddFoodStoryboard.storyboard in Resources */,
				87AAF8B8246629A9000CDC1D /* Tab3Storyboard.storyboard in Resources */,
				87FC9ED6244805D200810ECF /* CommentsStoryboard.storyboard in Resources */,
				87D8A591245A26C70056AC9B /* GuestingStoryboard.storyboard in Resources */,
				87D8A58D245A26AA0056AC9B /* HostingStoryboard.storyboard in Resources */,
				87FC9F032451230A00810ECF /* GaleryCameraPopUpStoryboard.storyboard in Resources */,
				87FC9EA92448020D00810ECF /* NotificationsStoryboard.storyboard in Resources */,
				87FC9EAF2448029200810ECF /* OrdersStoryboard.storyboard in Resources */,
				87D8A5A2245AB40C0056AC9B /* ReviewLookStoryboard.storyboard in Resources */,
				87FC9E812447FF6200810ECF /* Main.storyboard in Resources */,
				87FC9E9F2448014500810ECF /* LoginOrRegisterStoryboard.storyboard in Resources */,
				87AAF8EF2469F31B000CDC1D /* BankAccountDetailsStoryboard.storyboard in Resources */,
				87AAF8BD2468EDCD000CDC1D /* EditProfileStoryboard.storyboard in Resources */,
				87AAF8B624662996000CDC1D /* Tab2Storyboard.storyboard in Resources */,
				87FC9EF6244FB19100810ECF /* MapPIckerStoryboard.storyboard in Resources */,
				879CC0002458F2B900383F68 /* TypesStoryboard.storyboard in Resources */,
				87E02C8B24513880005C272A /* ImageLookerStoryboard.storyboard in Resources */,
				87D8A53B245A06FF0056AC9B /* OrdersTabStoryboard.storyboard in Resources */,
				87D8A59C245AB2DC0056AC9B /* NotificationLookStoryboard.storyboard in Resources */,
				87FC9EEE244E9FE600810ECF /* PlaceAutocompleteStoryboard.storyboard in Resources */,
				87AAF8CE24693BC7000CDC1D /* EditEmailAddressStoryboard.storyboard in Resources */,
				87D8A5AF245CA61F0056AC9B /* ImageScrollStoryboard.storyboard in Resources */,
				87AAF8DB24694B65000CDC1D /* ForgotPasswordStoryboard.storyboard in Resources */,
				87AAF8C42468F918000CDC1D /* AddBioStoryboard.storyboard in Resources */,
				87AAF8D324694556000CDC1D /* ChangePasswordStoryboard.storyboard in Resources */,
				87D8A5AA245B805F0056AC9B /* WriteReplyStoryboard.storyboard in Resources */,
				87FC9F062451351000810ECF /* ImageImporterStoryboard.storyboard in Resources */,
				87FC9EC2244804C300810ECF /* FoodLookStoryboard.storyboard in Resources */,
				87FC9EB92448034B00810ECF /* MapStoryboard.storyboard in Resources */,
				87AAF8B42466298B000CDC1D /* Tab1Storyboard.storyboard in Resources */,
				87FC9EB52448030E00810ECF /* LoadingCell.xib in Resources */,
				87AAF8C92468FF2F000CDC1D /* EditAccountDetailsStoryboard.storyboard in Resources */,
				87FC9EA5244801AE00810ECF /* ProfileStoryboard.storyboard in Resources */,
				879CBFF62458DBD900383F68 /* OptionsPopUpStoryboard.storyboard in Resources */,
				87D8A536245920E20056AC9B /* OrderLookStoryboard.storyboard in Resources */,
				879CBFFA2458EFB800383F68 /* DinnersStoryboard.storyboard in Resources */,
				879CBFFE2458F05500383F68 /* EditPostStoryboard.storyboard in Resources */,
			);
			runOnlyForDeploymentPostprocessing = 0;
		};
/* End PBXResourcesBuildPhase section */

/* Begin PBXShellScriptBuildPhase section */
		567BAD8C2F042C47CCAEC433 /* [CP] Check Pods Manifest.lock */ = {
			isa = PBXShellScriptBuildPhase;
			buildActionMask = 2147483647;
			files = (
			);
			inputFileListPaths = (
			);
			inputPaths = (
				"${PODS_PODFILE_DIR_PATH}/Podfile.lock",
				"${PODS_ROOT}/Manifest.lock",
			);
			name = "[CP] Check Pods Manifest.lock";
			outputFileListPaths = (
			);
			outputPaths = (
				"$(DERIVED_FILE_DIR)/Pods-ComeAquiOS-checkManifestLockResult.txt",
			);
			runOnlyForDeploymentPostprocessing = 0;
			shellPath = /bin/sh;
			shellScript = "diff \"${PODS_PODFILE_DIR_PATH}/Podfile.lock\" \"${PODS_ROOT}/Manifest.lock\" > /dev/null\nif [ $? != 0 ] ; then\n    # print error to STDERR\n    echo \"error: The sandbox is not in sync with the Podfile.lock. Run 'pod install' or update your CocoaPods installation.\" >&2\n    exit 1\nfi\n# This output is used by Xcode 'outputs' to avoid re-running this script phase.\necho \"SUCCESS\" > \"${SCRIPT_OUTPUT_FILE_0}\"\n";
			showEnvVarsInLog = 0;
		};
		78DD2E3BA467D96D220BD4E8 /* [CP] Copy Pods Resources */ = {
			isa = PBXShellScriptBuildPhase;
			buildActionMask = 2147483647;
			files = (
			);
			inputFileListPaths = (
				"${PODS_ROOT}/Target Support Files/Pods-ComeAquiOS/Pods-ComeAquiOS-resources-${CONFIGURATION}-input-files.xcfilelist",
			);
			name = "[CP] Copy Pods Resources";
			outputFileListPaths = (
				"${PODS_ROOT}/Target Support Files/Pods-ComeAquiOS/Pods-ComeAquiOS-resources-${CONFIGURATION}-output-files.xcfilelist",
			);
			runOnlyForDeploymentPostprocessing = 0;
			shellPath = /bin/sh;
			shellScript = "\"${PODS_ROOT}/Target Support Files/Pods-ComeAquiOS/Pods-ComeAquiOS-resources.sh\"\n";
			showEnvVarsInLog = 0;
		};
/* End PBXShellScriptBuildPhase section */

/* Begin PBXSourcesBuildPhase section */
		87FC9E722447FF6200810ECF /* Sources */ = {
			isa = PBXSourcesBuildPhase;
			buildActionMask = 2147483647;
			files = (
				87AAF8D724694B3A000CDC1D /* ForgotPasswordViewController.swift in Sources */,
				87D8A539245A06EF0056AC9B /* OrdersTabViewController.swift in Sources */,
				87E02C8924513864005C272A /* ImageLookerViewController.swift in Sources */,
				87AAF8B024662968000CDC1D /* Tab2TableViewCell.swift in Sources */,
				87FC9F01245122DC00810ECF /* GaleryCameraPopUpViewController.swift in Sources */,
				87FC9E9B2448011900810ECF /* LoginViewController.swift in Sources */,
				87AAF8E62469D76A000CDC1D /* CardLookViewController.swift in Sources */,
				87AAF8AC24662944000CDC1D /* Tab3ViewController.swift in Sources */,
				8776FF0D24538220005A4D4C /* TextsClasses.swift in Sources */,
				87FC9E7E2447FF6200810ECF /* ViewController.swift in Sources */,
				87FC9ECC2448051900810ECF /* DateFormatting.swift in Sources */,
				87FC9EBB2448038900810ECF /* TypesViewController.swift in Sources */,
				87D8A5A0245AB3EA0056AC9B /* FoodReviewLookViewController.swift in Sources */,
				87AAF8BF2468EE2C000CDC1D /* EditProfileViewController.swift in Sources */,
				87FC9EFA244FBDDE00810ECF /* DateTimePickerViewController.swift in Sources */,
				87FC9E9D2448012800810ECF /* RegisterViewController.swift in Sources */,
				87FC9EE8244E9CE800810ECF /* AddFoodViewController.swift in Sources */,
				87FC9E99244800FE00810ECF /* LoginOrRegisterViewController.swift in Sources */,
				87AAF8F1246A4024000CDC1D /* Tab3CollectionViewCell.swift in Sources */,
				87D8A58F245A26BA0056AC9B /* GuestingTableViewCell.swift in Sources */,
				87D8A593245A275B0056AC9B /* GuestingViewController.swift in Sources */,
				87FC9EE2244D7DE100810ECF /* DinnerTableViewCell.swift in Sources */,
				8712315F24525370004C0049 /* Server.swift in Sources */,
				87AAF8CC24693BB6000CDC1D /* EditEmailAddressViewController.swift in Sources */,
				87D8A533245920D00056AC9B /* OrderLookViewController.swift in Sources */,
				873B7E4C24590EA300F5FF7E /* AttendPopUpViewController.swift in Sources */,
				87FC9ED3244805AC00810ECF /* CommentsTableViewCell.swift in Sources */,
				87FC9EC8244804FF00810ECF /* Objects.swift in Sources */,
				87AAF8EA2469DDD5000CDC1D /* AddCreditCardViewController.swift in Sources */,
				87D8A5A8245B80510056AC9B /* WriteReplyTableViewCell.swift in Sources */,
				87FC9EA7244801FD00810ECF /* NotificationsViewController.swift in Sources */,
				87FC9ECA2448050A00810ECF /* Classes.swift in Sources */,
				879CBFFC2458F04D00383F68 /* EditPostViewController.swift in Sources */,
				87D8A59A245AB2CE0056AC9B /* NotificationViewController.swift in Sources */,
				87FC9EC6244804F500810ECF /* Extensions.swift in Sources */,
				87AAF8AA24662939000CDC1D /* Tab2ViewController.swift in Sources */,
				87FC9EE4244E179F00810ECF /* FoodCardViewController.swift in Sources */,
				87FC9EAB2448026800810ECF /* TableViewCell.swift in Sources */,
				87AAF8E02469D1AB000CDC1D /* AddPaymentMethodViewController.swift in Sources */,
				87FC9EB42448030E00810ECF /* LoadingCell.swift in Sources */,
				87FC9EAD2448028500810ECF /* OrdersViewController.swift in Sources */,
				87D8A5A4245ABEE20056AC9B /* ReviewTableViewCell.swift in Sources */,
				87AAF8AE24662960000CDC1D /* Tab1TableViewCell.swift in Sources */,
				87FC9ECE2448055D00810ECF /* CommentsViewController.swift in Sources */,
				87AAF8E22469D39B000CDC1D /* PaymentMethodTableViewCell.swift in Sources */,
				879CBFF42458DBCC00383F68 /* OptionsPopUpViewController.swift in Sources */,
				87FC9EFE245115C600810ECF /* ImportImagesViewController.swift in Sources */,
				87FC9ED9244805FE00810ECF /* WriteCommentViewController.swift in Sources */,
				87FC9EE6244E57BD00810ECF /* MapPickerViewController.swift in Sources */,
				87FC9EC4244804DD00810ECF /* Strings.swift in Sources */,
				87D8A5B1245CA6A90056AC9B /* ImageScrollViewController.swift in Sources */,
				87FC9EEC244E9FD300810ECF /* PlaceAutocompleteViewController.swift in Sources */,
				87D8A597245A9F430056AC9B /* NotificationTableViewCell.swift in Sources */,
				87AAF8D124694548000CDC1D /* ChangePasswordViewController.swift in Sources */,
				87AAF8C22468F90E000CDC1D /* AddBioViewController.swift in Sources */,
				87AAF8C72468FF21000CDC1D /* EditAccountDetailsViewController.swift in Sources */,
				87AAF8A82466291E000CDC1D /* Tab1ViewController.swift in Sources */,
				87D8A595245A27690056AC9B /* HostingViewController.swift in Sources */,
				87FC9EE0244D7DD000810ECF /* DinnersViewController.swift in Sources */,
				87FC9EDD244939B000810ECF /* SegueViewController.swift in Sources */,
				87FC9EC0244804A100810ECF /* FoodLookViewController.swift in Sources */,
				87FC9E7A2447FF6200810ECF /* AppDelegate.swift in Sources */,
				87FC9EA3244801A100810ECF /* ProfileViewController.swift in Sources */,
				87AAF8ED2469F307000CDC1D /* BankAccountDetailsViewController.swift in Sources */,
				87FC9EBD2448039B00810ECF /* RateStarViewController.swift in Sources */,
				87D8A58B245A269F0056AC9B /* HostingTableViewCell.swift in Sources */,
				87FC9EF0244EA1A100810ECF /* LocationTableViewCell.swift in Sources */,
				87FC9E7C2447FF6200810ECF /* SceneDelegate.swift in Sources */,
				87FC9EB72448033C00810ECF /* MapViewController.swift in Sources */,
			);
			runOnlyForDeploymentPostprocessing = 0;
		};
/* End PBXSourcesBuildPhase section */

/* Begin PBXVariantGroup section */
		87FC9E7F2447FF6200810ECF /* Main.storyboard */ = {
			isa = PBXVariantGroup;
			children = (
				87FC9E802447FF6200810ECF /* Base */,
			);
			name = Main.storyboard;
			sourceTree = "<group>";
		};
		87FC9E842447FF6300810ECF /* LaunchScreen.storyboard */ = {
			isa = PBXVariantGroup;
			children = (
				87FC9E852447FF6300810ECF /* Base */,
			);
			name = LaunchScreen.storyboard;
			sourceTree = "<group>";
		};
/* End PBXVariantGroup section */

/* Begin XCBuildConfiguration section */
		87FC9E882447FF6300810ECF /* Debug */ = {
			isa = XCBuildConfiguration;
			buildSettings = {
				ALWAYS_SEARCH_USER_PATHS = NO;
				CLANG_ANALYZER_NONNULL = YES;
				CLANG_ANALYZER_NUMBER_OBJECT_CONVERSION = YES_AGGRESSIVE;
				CLANG_CXX_LANGUAGE_STANDARD = "gnu++14";
				CLANG_CXX_LIBRARY = "libc++";
				CLANG_ENABLE_MODULES = YES;
				CLANG_ENABLE_OBJC_ARC = YES;
				CLANG_ENABLE_OBJC_WEAK = YES;
				CLANG_WARN_BLOCK_CAPTURE_AUTORELEASING = YES;
				CLANG_WARN_BOOL_CONVERSION = YES;
				CLANG_WARN_COMMA = YES;
				CLANG_WARN_CONSTANT_CONVERSION = YES;
				CLANG_WARN_DEPRECATED_OBJC_IMPLEMENTATIONS = YES;
				CLANG_WARN_DIRECT_OBJC_ISA_USAGE = YES_ERROR;
				CLANG_WARN_DOCUMENTATION_COMMENTS = YES;
				CLANG_WARN_EMPTY_BODY = YES;
				CLANG_WARN_ENUM_CONVERSION = YES;
				CLANG_WARN_INFINITE_RECURSION = YES;
				CLANG_WARN_INT_CONVERSION = YES;
				CLANG_WARN_NON_LITERAL_NULL_CONVERSION = YES;
				CLANG_WARN_OBJC_IMPLICIT_RETAIN_SELF = YES;
				CLANG_WARN_OBJC_LITERAL_CONVERSION = YES;
				CLANG_WARN_OBJC_ROOT_CLASS = YES_ERROR;
				CLANG_WARN_RANGE_LOOP_ANALYSIS = YES;
				CLANG_WARN_STRICT_PROTOTYPES = YES;
				CLANG_WARN_SUSPICIOUS_MOVE = YES;
				CLANG_WARN_UNGUARDED_AVAILABILITY = YES_AGGRESSIVE;
				CLANG_WARN_UNREACHABLE_CODE = YES;
				CLANG_WARN__DUPLICATE_METHOD_MATCH = YES;
				COPY_PHASE_STRIP = NO;
				DEBUG_INFORMATION_FORMAT = dwarf;
				ENABLE_STRICT_OBJC_MSGSEND = YES;
				ENABLE_TESTABILITY = YES;
				GCC_C_LANGUAGE_STANDARD = gnu11;
				GCC_DYNAMIC_NO_PIC = NO;
				GCC_NO_COMMON_BLOCKS = YES;
				GCC_OPTIMIZATION_LEVEL = 0;
				GCC_PREPROCESSOR_DEFINITIONS = (
					"DEBUG=1",
					"$(inherited)",
				);
				GCC_WARN_64_TO_32_BIT_CONVERSION = YES;
				GCC_WARN_ABOUT_RETURN_TYPE = YES_ERROR;
				GCC_WARN_UNDECLARED_SELECTOR = YES;
				GCC_WARN_UNINITIALIZED_AUTOS = YES_AGGRESSIVE;
				GCC_WARN_UNUSED_FUNCTION = YES;
				GCC_WARN_UNUSED_VARIABLE = YES;
				IPHONEOS_DEPLOYMENT_TARGET = 13.4;
				MTL_ENABLE_DEBUG_INFO = INCLUDE_SOURCE;
				MTL_FAST_MATH = YES;
				ONLY_ACTIVE_ARCH = YES;
				SDKROOT = iphoneos;
				SWIFT_ACTIVE_COMPILATION_CONDITIONS = DEBUG;
				SWIFT_OPTIMIZATION_LEVEL = "-Onone";
			};
			name = Debug;
		};
		87FC9E892447FF6300810ECF /* Release */ = {
			isa = XCBuildConfiguration;
			buildSettings = {
				ALWAYS_SEARCH_USER_PATHS = NO;
				CLANG_ANALYZER_NONNULL = YES;
				CLANG_ANALYZER_NUMBER_OBJECT_CONVERSION = YES_AGGRESSIVE;
				CLANG_CXX_LANGUAGE_STANDARD = "gnu++14";
				CLANG_CXX_LIBRARY = "libc++";
				CLANG_ENABLE_MODULES = YES;
				CLANG_ENABLE_OBJC_ARC = YES;
				CLANG_ENABLE_OBJC_WEAK = YES;
				CLANG_WARN_BLOCK_CAPTURE_AUTORELEASING = YES;
				CLANG_WARN_BOOL_CONVERSION = YES;
				CLANG_WARN_COMMA = YES;
				CLANG_WARN_CONSTANT_CONVERSION = YES;
				CLANG_WARN_DEPRECATED_OBJC_IMPLEMENTATIONS = YES;
				CLANG_WARN_DIRECT_OBJC_ISA_USAGE = YES_ERROR;
				CLANG_WARN_DOCUMENTATION_COMMENTS = YES;
				CLANG_WARN_EMPTY_BODY = YES;
				CLANG_WARN_ENUM_CONVERSION = YES;
				CLANG_WARN_INFINITE_RECURSION = YES;
				CLANG_WARN_INT_CONVERSION = YES;
				CLANG_WARN_NON_LITERAL_NULL_CONVERSION = YES;
				CLANG_WARN_OBJC_IMPLICIT_RETAIN_SELF = YES;
				CLANG_WARN_OBJC_LITERAL_CONVERSION = YES;
				CLANG_WARN_OBJC_ROOT_CLASS = YES_ERROR;
				CLANG_WARN_RANGE_LOOP_ANALYSIS = YES;
				CLANG_WARN_STRICT_PROTOTYPES = YES;
				CLANG_WARN_SUSPICIOUS_MOVE = YES;
				CLANG_WARN_UNGUARDED_AVAILABILITY = YES_AGGRESSIVE;
				CLANG_WARN_UNREACHABLE_CODE = YES;
				CLANG_WARN__DUPLICATE_METHOD_MATCH = YES;
				COPY_PHASE_STRIP = NO;
				DEBUG_INFORMATION_FORMAT = "dwarf-with-dsym";
				ENABLE_NS_ASSERTIONS = NO;
				ENABLE_STRICT_OBJC_MSGSEND = YES;
				GCC_C_LANGUAGE_STANDARD = gnu11;
				GCC_NO_COMMON_BLOCKS = YES;
				GCC_WARN_64_TO_32_BIT_CONVERSION = YES;
				GCC_WARN_ABOUT_RETURN_TYPE = YES_ERROR;
				GCC_WARN_UNDECLARED_SELECTOR = YES;
				GCC_WARN_UNINITIALIZED_AUTOS = YES_AGGRESSIVE;
				GCC_WARN_UNUSED_FUNCTION = YES;
				GCC_WARN_UNUSED_VARIABLE = YES;
				IPHONEOS_DEPLOYMENT_TARGET = 13.4;
				MTL_ENABLE_DEBUG_INFO = NO;
				MTL_FAST_MATH = YES;
				SDKROOT = iphoneos;
				SWIFT_COMPILATION_MODE = wholemodule;
				SWIFT_OPTIMIZATION_LEVEL = "-O";
				VALIDATE_PRODUCT = YES;
			};
			name = Release;
		};
		87FC9E8B2447FF6300810ECF /* Debug */ = {
			isa = XCBuildConfiguration;
			baseConfigurationReference = EE35396FEB851C07CF98D0E9 /* Pods-ComeAquiOS.debug.xcconfig */;
			buildSettings = {
				ASSETCATALOG_COMPILER_APPICON_NAME = AppIcon;
				CODE_SIGN_STYLE = Automatic;
				DEVELOPMENT_TEAM = RQT83D9L27;
				INFOPLIST_FILE = ComeAquiOS/Info.plist;
				IPHONEOS_DEPLOYMENT_TARGET = 13.1;
				LD_RUNPATH_SEARCH_PATHS = (
					"$(inherited)",
					"@executable_path/Frameworks",
				);
				PRODUCT_BUNDLE_IDENTIFIER = com.EduardoRdoriguezPerez.ComeAquiOS;
				PRODUCT_NAME = "$(TARGET_NAME)";
				SWIFT_VERSION = 5.0;
				TARGETED_DEVICE_FAMILY = "1,2";
			};
			name = Debug;
		};
		87FC9E8C2447FF6300810ECF /* Release */ = {
			isa = XCBuildConfiguration;
			baseConfigurationReference = 4C7EACD69E5F0043056F81B3 /* Pods-ComeAquiOS.release.xcconfig */;
			buildSettings = {
				ASSETCATALOG_COMPILER_APPICON_NAME = AppIcon;
				CODE_SIGN_STYLE = Automatic;
				DEVELOPMENT_TEAM = RQT83D9L27;
				INFOPLIST_FILE = ComeAquiOS/Info.plist;
				IPHONEOS_DEPLOYMENT_TARGET = 13.1;
				LD_RUNPATH_SEARCH_PATHS = (
					"$(inherited)",
					"@executable_path/Frameworks",
				);
				PRODUCT_BUNDLE_IDENTIFIER = com.EduardoRdoriguezPerez.ComeAquiOS;
				PRODUCT_NAME = "$(TARGET_NAME)";
				SWIFT_VERSION = 5.0;
				TARGETED_DEVICE_FAMILY = "1,2";
			};
			name = Release;
		};
/* End XCBuildConfiguration section */

/* Begin XCConfigurationList section */
		87FC9E712447FF6200810ECF /* Build configuration list for PBXProject "ComeAquiOS" */ = {
			isa = XCConfigurationList;
			buildConfigurations = (
				87FC9E882447FF6300810ECF /* Debug */,
				87FC9E892447FF6300810ECF /* Release */,
			);
			defaultConfigurationIsVisible = 0;
			defaultConfigurationName = Release;
		};
		87FC9E8A2447FF6300810ECF /* Build configuration list for PBXNativeTarget "ComeAquiOS" */ = {
			isa = XCConfigurationList;
			buildConfigurations = (
				87FC9E8B2447FF6300810ECF /* Debug */,
				87FC9E8C2447FF6300810ECF /* Release */,
			);
			defaultConfigurationIsVisible = 0;
			defaultConfigurationName = Release;
		};
/* End XCConfigurationList section */
	};
	rootObject = 87FC9E6E2447FF6200810ECF /* Project object */;
}
